
Microsoft Visual Studio Solution File, Format Version 12.00
# Visual Studio 2013
VisualStudioVersion = 12.0.40629.0
MinimumVisualStudioVersion = 10.0.40219.1
Project("{FAE04EC0-301F-11D3-BF4B-00C04F79EFBC}") = "RecommendSystem", "RecommendSystem\RecommendSystem.csproj", "{A864650B-6F0C-4B1D-B42E-733E8AC91C97}"
EndProject
Global
	GlobalSection(SolutionConfigurationPlatforms) = preSolution
		Debug|Any CPU = Debug|Any CPU
		Release|Any CPU = Release|Any CPU
	EndGlobalSection
	GlobalSection(ProjectConfigurationPlatforms) = postSolution
		{A864650B-6F0C-4B1D-B42E-733E8AC91C97}.Debug|Any CPU.ActiveCfg = Debug|Any CPU
		{A864650B-6F0C-4B1D-B42E-733E8AC91C97}.Debug|Any CPU.Build.0 = Debug|Any CPU
		{A864650B-6F0C-4B1D-B42E-733E8AC91C97}.Release|Any CPU.ActiveCfg = Release|Any CPU
		{A864650B-6F0C-4B1D-B42E-733E8AC91C97}.Release|Any CPU.Build.0 = Release|Any CPU
	EndGlobalSection
	GlobalSection(SolutionProperties) = preSolution
		HideSolutionNode = FALSE
	EndGlobalSection
EndGlobal
